
Microsoft Visual Studio Solution File, Format Version 12.00
# Visual Studio Version 17
VisualStudioVersion = 17.10.35013.160
MinimumVisualStudioVersion = 10.0.40219.1
Project("{FAE04EC0-301F-11D3-BF4B-00C04F79EFBC}") = "WithoutCPM.WebAPI", "WithoutCPM.WebAPI\WithoutCPM.WebAPI.csproj", "{54D344C0-A680-4BA0-B9B7-6628C04772E9}"
EndProject
Project("{FAE04EC0-301F-11D3-BF4B-00C04F79EFBC}") = "WithoutCPM.Core", "WithoutCPM.Core\WithoutCPM.Core.csproj", "{41329DE4-998B-467E-B1DB-4D733A0BD806}"
EndProject
Global
	GlobalSection(SolutionConfigurationPlatforms) = preSolution
		Debug|Any CPU = Debug|Any CPU
		Release|Any CPU = Release|Any CPU
	EndGlobalSection
	GlobalSection(ProjectConfigurationPlatforms) = postSolution
		{54D344C0-A680-4BA0-B9B7-6628C04772E9}.Debug|Any CPU.ActiveCfg = Debug|Any CPU
		{54D344C0-A680-4BA0-B9B7-6628C04772E9}.Debug|Any CPU.Build.0 = Debug|Any CPU
		{54D344C0-A680-4BA0-B9B7-6628C04772E9}.Release|Any CPU.ActiveCfg = Release|Any CPU
		{54D344C0-A680-4BA0-B9B7-6628C04772E9}.Release|Any CPU.Build.0 = Release|Any CPU
		{41329DE4-998B-467E-B1DB-4D733A0BD806}.Debug|Any CPU.ActiveCfg = Debug|Any CPU
		{41329DE4-998B-467E-B1DB-4D733A0BD806}.Debug|Any CPU.Build.0 = Debug|Any CPU
		{41329DE4-998B-467E-B1DB-4D733A0BD806}.Release|Any CPU.ActiveCfg = Release|Any CPU
		{41329DE4-998B-467E-B1DB-4D733A0BD806}.Release|Any CPU.Build.0 = Release|Any CPU
	EndGlobalSection
	GlobalSection(SolutionProperties) = preSolution
		HideSolutionNode = FALSE
	EndGlobalSection
	GlobalSection(ExtensibilityGlobals) = postSolution
		SolutionGuid = {084B56B6-DB50-4BC9-B529-C50E861EA120}
	EndGlobalSection
EndGlobal
